
Microsoft Visual Studio Solution File, Format Version 12.00
# Visual Studio 15
VisualStudioVersion = 15.0.27428.2015
MinimumVisualStudioVersion = 10.0.40219.1
Project("{FAE04EC0-301F-11D3-BF4B-00C04F79EFBC}") = "face_recognition", "face_recognition\face_recognition.csproj", "{A52EBA09-CCE1-4C97-90C9-5FF3356243F4}"
EndProject
Global
	GlobalSection(SolutionConfigurationPlatforms) = preSolution
		Debug|Any CPU = Debug|Any CPU
		Release|Any CPU = Release|Any CPU
	EndGlobalSection
	GlobalSection(ProjectConfigurationPlatforms) = postSolution
		{A52EBA09-CCE1-4C97-90C9-5FF3356243F4}.Debug|Any CPU.ActiveCfg = Debug|Any CPU
		{A52EBA09-CCE1-4C97-90C9-5FF3356243F4}.Debug|Any CPU.Build.0 = Debug|Any CPU
		{A52EBA09-CCE1-4C97-90C9-5FF3356243F4}.Release|Any CPU.ActiveCfg = Release|Any CPU
		{A52EBA09-CCE1-4C97-90C9-5FF3356243F4}.Release|Any CPU.Build.0 = Release|Any CPU
	EndGlobalSection
	GlobalSection(SolutionProperties) = preSolution
		HideSolutionNode = FALSE
	EndGlobalSection
	GlobalSection(ExtensibilityGlobals) = postSolution
		SolutionGuid = {615B125A-68C6-4E0E-B252-EBB94BA9B7E1}
	EndGlobalSection
EndGlobal
